// !$*UTF8*$!
{
	archiveVersion = 1;
	classes = {
	};
	objectVersion = 50;
	objects = {

/* Begin PBXBuildFile section */
		8E12EE0E225F580E00654BC7 /* FriendsTableViewCell.swift in Sources */ = {isa = PBXBuildFile; fileRef = 8E12EE0D225F580E00654BC7 /* FriendsTableViewCell.swift */; };
		8E12EE10225F585C00654BC7 /* GroupsTableViewCell.swift in Sources */ = {isa = PBXBuildFile; fileRef = 8E12EE0F225F585C00654BC7 /* GroupsTableViewCell.swift */; };
		8E12EE13225F748100654BC7 /* FriendCollectionViewCell.swift in Sources */ = {isa = PBXBuildFile; fileRef = 8E12EE12225F748100654BC7 /* FriendCollectionViewCell.swift */; };
		8E84DD88225F43E400FBED66 /* friendsModel.swift in Sources */ = {isa = PBXBuildFile; fileRef = 8E84DD87225F43E400FBED66 /* friendsModel.swift */; };
		8E84DD8A225F43FD00FBED66 /* groupsModel.swift in Sources */ = {isa = PBXBuildFile; fileRef = 8E84DD89225F43FD00FBED66 /* groupsModel.swift */; };
		8EA78D372257532000E22DFC /* FriendCollectionViewController.swift in Sources */ = {isa = PBXBuildFile; fileRef = 8EA78D362257532000E22DFC /* FriendCollectionViewController.swift */; };
		8EA78D392257540700E22DFC /* LoginViewController.swift in Sources */ = {isa = PBXBuildFile; fileRef = 8EA78D382257540700E22DFC /* LoginViewController.swift */; };
		8EA78D3B2257543B00E22DFC /* FriendsListTableViewController.swift in Sources */ = {isa = PBXBuildFile; fileRef = 8EA78D3A2257543B00E22DFC /* FriendsListTableViewController.swift */; };
		8EA78D3D2257546D00E22DFC /* CurGroupsListTableViewController.swift in Sources */ = {isa = PBXBuildFile; fileRef = 8EA78D3C2257546D00E22DFC /* CurGroupsListTableViewController.swift */; };
		8EA78D432257E49200E22DFC /* AllGroupsListTableViewController.swift in Sources */ = {isa = PBXBuildFile; fileRef = 8EA78D422257E49200E22DFC /* AllGroupsListTableViewController.swift */; };
		8EBD94E92253437C00662FAD /* AppDelegate.swift in Sources */ = {isa = PBXBuildFile; fileRef = 8EBD94E82253437C00662FAD /* AppDelegate.swift */; };
		8EBD94EE2253437C00662FAD /* Main.storyboard in Resources */ = {isa = PBXBuildFile; fileRef = 8EBD94EC2253437C00662FAD /* Main.storyboard */; };
		8EBD94F02253437E00662FAD /* Assets.xcassets in Resources */ = {isa = PBXBuildFile; fileRef = 8EBD94EF2253437E00662FAD /* Assets.xcassets */; };
		8EBD94F32253437E00662FAD /* LaunchScreen.storyboard in Resources */ = {isa = PBXBuildFile; fileRef = 8EBD94F12253437E00662FAD /* LaunchScreen.storyboard */; };
		8EC767682264B84E0032097C /* postModel.swift in Sources */ = {isa = PBXBuildFile; fileRef = 8EC767672264B84E0032097C /* postModel.swift */; };
		8EC7676A2265D5240032097C /* FriendPageTableViewController.swift in Sources */ = {isa = PBXBuildFile; fileRef = 8EC767692265D5240032097C /* FriendPageTableViewController.swift */; };
		8EC7676C2265D5860032097C /* PostTableViewCell.swift in Sources */ = {isa = PBXBuildFile; fileRef = 8EC7676B2265D5860032097C /* PostTableViewCell.swift */; };
		8EC767722265FD1F0032097C /* FriendPageHeaderView.swift in Sources */ = {isa = PBXBuildFile; fileRef = 8EC767712265FD1F0032097C /* FriendPageHeaderView.swift */; };
		8EDA750622630ED0006A04A7 /* AvatarView.swift in Sources */ = {isa = PBXBuildFile; fileRef = 8EDA750522630ED0006A04A7 /* AvatarView.swift */; };
/* End PBXBuildFile section */

/* Begin PBXFileReference section */
		8E12EE0D225F580E00654BC7 /* FriendsTableViewCell.swift */ = {isa = PBXFileReference; lastKnownFileType = sourcecode.swift; path = FriendsTableViewCell.swift; sourceTree = "<group>"; };
		8E12EE0F225F585C00654BC7 /* GroupsTableViewCell.swift */ = {isa = PBXFileReference; lastKnownFileType = sourcecode.swift; path = GroupsTableViewCell.swift; sourceTree = "<group>"; };
		8E12EE12225F748100654BC7 /* FriendCollectionViewCell.swift */ = {isa = PBXFileReference; lastKnownFileType = sourcecode.swift; path = FriendCollectionViewCell.swift; sourceTree = "<group>"; };
		8E84DD87225F43E400FBED66 /* friendsModel.swift */ = {isa = PBXFileReference; lastKnownFileType = sourcecode.swift; path = friendsModel.swift; sourceTree = "<group>"; };
		8E84DD89225F43FD00FBED66 /* groupsModel.swift */ = {isa = PBXFileReference; lastKnownFileType = sourcecode.swift; path = groupsModel.swift; sourceTree = "<group>"; };
		8EA78D362257532000E22DFC /* FriendCollectionViewController.swift */ = {isa = PBXFileReference; lastKnownFileType = sourcecode.swift; path = FriendCollectionViewController.swift; sourceTree = "<group>"; };
		8EA78D382257540700E22DFC /* LoginViewController.swift */ = {isa = PBXFileReference; lastKnownFileType = sourcecode.swift; path = LoginViewController.swift; sourceTree = "<group>"; };
		8EA78D3A2257543B00E22DFC /* FriendsListTableViewController.swift */ = {isa = PBXFileReference; lastKnownFileType = sourcecode.swift; path = FriendsListTableViewController.swift; sourceTree = "<group>"; };
		8EA78D3C2257546D00E22DFC /* CurGroupsListTableViewController.swift */ = {isa = PBXFileReference; lastKnownFileType = sourcecode.swift; path = CurGroupsListTableViewController.swift; sourceTree = "<group>"; };
		8EA78D422257E49200E22DFC /* AllGroupsListTableViewController.swift */ = {isa = PBXFileReference; lastKnownFileType = sourcecode.swift; path = AllGroupsListTableViewController.swift; sourceTree = "<group>"; };
		8EBD94E52253437C00662FAD /* Alter VK.app */ = {isa = PBXFileReference; explicitFileType = wrapper.application; includeInIndex = 0; path = "Alter VK.app"; sourceTree = BUILT_PRODUCTS_DIR; };
		8EBD94E82253437C00662FAD /* AppDelegate.swift */ = {isa = PBXFileReference; lastKnownFileType = sourcecode.swift; path = AppDelegate.swift; sourceTree = "<group>"; };
		8EBD94ED2253437C00662FAD /* Base */ = {isa = PBXFileReference; lastKnownFileType = file.storyboard; name = Base; path = Base.lproj/Main.storyboard; sourceTree = "<group>"; };
		8EBD94EF2253437E00662FAD /* Assets.xcassets */ = {isa = PBXFileReference; lastKnownFileType = folder.assetcatalog; path = Assets.xcassets; sourceTree = "<group>"; };
		8EBD94F22253437E00662FAD /* Base */ = {isa = PBXFileReference; lastKnownFileType = file.storyboard; name = Base; path = Base.lproj/LaunchScreen.storyboard; sourceTree = "<group>"; };
		8EBD94F42253437E00662FAD /* Info.plist */ = {isa = PBXFileReference; lastKnownFileType = text.plist.xml; path = Info.plist; sourceTree = "<group>"; };
		8EC767672264B84E0032097C /* postModel.swift */ = {isa = PBXFileReference; lastKnownFileType = sourcecode.swift; path = postModel.swift; sourceTree = "<group>"; };
		8EC767692265D5240032097C /* FriendPageTableViewController.swift */ = {isa = PBXFileReference; lastKnownFileType = sourcecode.swift; path = FriendPageTableViewController.swift; sourceTree = "<group>"; };
		8EC7676B2265D5860032097C /* PostTableViewCell.swift */ = {isa = PBXFileReference; lastKnownFileType = sourcecode.swift; path = PostTableViewCell.swift; sourceTree = "<group>"; };
		8EC767712265FD1F0032097C /* FriendPageHeaderView.swift */ = {isa = PBXFileReference; lastKnownFileType = sourcecode.swift; path = FriendPageHeaderView.swift; sourceTree = "<group>"; };
		8EDA750522630ED0006A04A7 /* AvatarView.swift */ = {isa = PBXFileReference; lastKnownFileType = sourcecode.swift; path = AvatarView.swift; sourceTree = "<group>"; };
/* End PBXFileReference section */

/* Begin PBXFrameworksBuildPhase section */
		8EBD94E22253437C00662FAD /* Frameworks */ = {
			isa = PBXFrameworksBuildPhase;
			buildActionMask = 2147483647;
			files = (
			);
			runOnlyForDeploymentPostprocessing = 0;
		};
/* End PBXFrameworksBuildPhase section */

/* Begin PBXGroup section */
		8E12EE11225F746100654BC7 /* Prototypes */ = {
			isa = PBXGroup;
			children = (
				8EC767712265FD1F0032097C /* FriendPageHeaderView.swift */,
				8E12EE0D225F580E00654BC7 /* FriendsTableViewCell.swift */,
				8E12EE0F225F585C00654BC7 /* GroupsTableViewCell.swift */,
				8E12EE12225F748100654BC7 /* FriendCollectionViewCell.swift */,
				8EC7676B2265D5860032097C /* PostTableViewCell.swift */,
			);
			name = Prototypes;
			sourceTree = "<group>";
		};
		8E84DD8B225F440100FBED66 /* Models */ = {
			isa = PBXGroup;
			children = (
				8E84DD87225F43E400FBED66 /* friendsModel.swift */,
				8E84DD89225F43FD00FBED66 /* groupsModel.swift */,
				8EC767672264B84E0032097C /* postModel.swift */,
			);
			name = Models;
			sourceTree = "<group>";
		};
		8EBD94DC2253437C00662FAD = {
			isa = PBXGroup;
			children = (
				8EBD94E72253437C00662FAD /* Alter VK */,
				8EBD94E62253437C00662FAD /* Products */,
			);
			sourceTree = "<group>";
		};
		8EBD94E62253437C00662FAD /* Products */ = {
			isa = PBXGroup;
			children = (
				8EBD94E52253437C00662FAD /* Alter VK.app */,
			);
			name = Products;
			sourceTree = "<group>";
		};
		8EBD94E72253437C00662FAD /* Alter VK */ = {
			isa = PBXGroup;
			children = (
				8EF8E95122574A570085B63D /* Controllers */,
				8EBD94E82253437C00662FAD /* AppDelegate.swift */,
				8EDA750422630EAD006A04A7 /* Views */,
				8EBD94EF2253437E00662FAD /* Assets.xcassets */,
				8EBD94F42253437E00662FAD /* Info.plist */,
				8E84DD8B225F440100FBED66 /* Models */,
			);
			path = "Alter VK";
			sourceTree = "<group>";
		};
		8EC7676F2265FBDE0032097C /* Friends */ = {
			isa = PBXGroup;
			children = (
				8EA78D362257532000E22DFC /* FriendCollectionViewController.swift */,
				8EA78D3A2257543B00E22DFC /* FriendsListTableViewController.swift */,
				8EC767692265D5240032097C /* FriendPageTableViewController.swift */,
			);
			name = Friends;
			sourceTree = "<group>";
		};
		8EC767702265FBE80032097C /* Groups */ = {
			isa = PBXGroup;
			children = (
				8EA78D3C2257546D00E22DFC /* CurGroupsListTableViewController.swift */,
				8EA78D422257E49200E22DFC /* AllGroupsListTableViewController.swift */,
			);
			name = Groups;
			sourceTree = "<group>";
		};
		8EDA750422630EAD006A04A7 /* Views */ = {
			isa = PBXGroup;
			children = (
				8EBD94EC2253437C00662FAD /* Main.storyboard */,
				8EBD94F12253437E00662FAD /* LaunchScreen.storyboard */,
				8EDA750522630ED0006A04A7 /* AvatarView.swift */,
			);
			name = Views;
			sourceTree = "<group>";
		};
		8EF8E95122574A570085B63D /* Controllers */ = {
			isa = PBXGroup;
			children = (
				8EC767702265FBE80032097C /* Groups */,
				8EC7676F2265FBDE0032097C /* Friends */,
				8EA78D382257540700E22DFC /* LoginViewController.swift */,
				8E12EE11225F746100654BC7 /* Prototypes */,
			);
			name = Controllers;
			sourceTree = "<group>";
		};
/* End PBXGroup section */

/* Begin PBXNativeTarget section */
		8EBD94E42253437C00662FAD /* Alter VK */ = {
			isa = PBXNativeTarget;
			buildConfigurationList = 8EBD94F72253437E00662FAD /* Build configuration list for PBXNativeTarget "Alter VK" */;
			buildPhases = (
				8EBD94E12253437C00662FAD /* Sources */,
				8EBD94E22253437C00662FAD /* Frameworks */,
				8EBD94E32253437C00662FAD /* Resources */,
			);
			buildRules = (
			);
			dependencies = (
			);
			name = "Alter VK";
			productName = "Alter VK";
			productReference = 8EBD94E52253437C00662FAD /* Alter VK.app */;
			productType = "com.apple.product-type.application";
		};
/* End PBXNativeTarget section */

/* Begin PBXProject section */
		8EBD94DD2253437C00662FAD /* Project object */ = {
			isa = PBXProject;
			attributes = {
				LastSwiftUpdateCheck = 1020;
				LastUpgradeCheck = 1020;
				ORGANIZATIONNAME = "Anton Makhankov";
				TargetAttributes = {
					8EBD94E42253437C00662FAD = {
						CreatedOnToolsVersion = 10.2;
					};
				};
			};
			buildConfigurationList = 8EBD94E02253437C00662FAD /* Build configuration list for PBXProject "Alter VK" */;
			compatibilityVersion = "Xcode 9.3";
			developmentRegion = en;
			hasScannedForEncodings = 0;
			knownRegions = (
				en,
				Base,
			);
			mainGroup = 8EBD94DC2253437C00662FAD;
			productRefGroup = 8EBD94E62253437C00662FAD /* Products */;
			projectDirPath = "";
			projectRoot = "";
			targets = (
				8EBD94E42253437C00662FAD /* Alter VK */,
			);
		};
/* End PBXProject section */

/* Begin PBXResourcesBuildPhase section */
		8EBD94E32253437C00662FAD /* Resources */ = {
			isa = PBXResourcesBuildPhase;
			buildActionMask = 2147483647;
			files = (
				8EBD94F32253437E00662FAD /* LaunchScreen.storyboard in Resources */,
				8EBD94F02253437E00662FAD /* Assets.xcassets in Resources */,
				8EBD94EE2253437C00662FAD /* Main.storyboard in Resources */,
			);
			runOnlyForDeploymentPostprocessing = 0;
		};
/* End PBXResourcesBuildPhase section */

/* Begin PBXSourcesBuildPhase section */
		8EBD94E12253437C00662FAD /* Sources */ = {
			isa = PBXSourcesBuildPhase;
			buildActionMask = 2147483647;
			files = (
				8E12EE0E225F580E00654BC7 /* FriendsTableViewCell.swift in Sources */,
				8EDA750622630ED0006A04A7 /* AvatarView.swift in Sources */,
				8EC7676C2265D5860032097C /* PostTableViewCell.swift in Sources */,
				8EC7676A2265D5240032097C /* FriendPageTableViewController.swift in Sources */,
				8EA78D372257532000E22DFC /* FriendCollectionViewController.swift in Sources */,
				8E12EE13225F748100654BC7 /* FriendCollectionViewCell.swift in Sources */,
				8EC767682264B84E0032097C /* postModel.swift in Sources */,
				8E84DD88225F43E400FBED66 /* friendsModel.swift in Sources */,
				8EA78D3D2257546D00E22DFC /* CurGroupsListTableViewController.swift in Sources */,
				8EA78D3B2257543B00E22DFC /* FriendsListTableViewController.swift in Sources */,
				8E12EE10225F585C00654BC7 /* GroupsTableViewCell.swift in Sources */,
				8EBD94E92253437C00662FAD /* AppDelegate.swift in Sources */,
				8E84DD8A225F43FD00FBED66 /* groupsModel.swift in Sources */,
				8EA78D392257540700E22DFC /* LoginViewController.swift in Sources */,
				8EC767722265FD1F0032097C /* FriendPageHeaderView.swift in Sources */,
				8EA78D432257E49200E22DFC /* AllGroupsListTableViewController.swift in Sources */,
			);
			runOnlyForDeploymentPostprocessing = 0;
		};
/* End PBXSourcesBuildPhase section */

/* Begin PBXVariantGroup section */
		8EBD94EC2253437C00662FAD /* Main.storyboard */ = {
			isa = PBXVariantGroup;
			children = (
				8EBD94ED2253437C00662FAD /* Base */,
			);
			name = Main.storyboard;
			sourceTree = "<group>";
		};
		8EBD94F12253437E00662FAD /* LaunchScreen.storyboard */ = {
			isa = PBXVariantGroup;
			children = (
				8EBD94F22253437E00662FAD /* Base */,
			);
			name = LaunchScreen.storyboard;
			sourceTree = "<group>";
		};
/* End PBXVariantGroup section */

/* Begin XCBuildConfiguration section */
		8EBD94F52253437E00662FAD /* Debug */ = {
			isa = XCBuildConfiguration;
			buildSettings = {
				ALWAYS_SEARCH_USER_PATHS = NO;
				CLANG_ANALYZER_NONNULL = YES;
				CLANG_ANALYZER_NUMBER_OBJECT_CONVERSION = YES_AGGRESSIVE;
				CLANG_CXX_LANGUAGE_STANDARD = "gnu++14";
				CLANG_CXX_LIBRARY = "libc++";
				CLANG_ENABLE_MODULES = YES;
				CLANG_ENABLE_OBJC_ARC = YES;
				CLANG_ENABLE_OBJC_WEAK = YES;
				CLANG_WARN_BLOCK_CAPTURE_AUTORELEASING = YES;
				CLANG_WARN_BOOL_CONVERSION = YES;
				CLANG_WARN_COMMA = YES;
				CLANG_WARN_CONSTANT_CONVERSION = YES;
				CLANG_WARN_DEPRECATED_OBJC_IMPLEMENTATIONS = YES;
				CLANG_WARN_DIRECT_OBJC_ISA_USAGE = YES_ERROR;
				CLANG_WARN_DOCUMENTATION_COMMENTS = YES;
				CLANG_WARN_EMPTY_BODY = YES;
				CLANG_WARN_ENUM_CONVERSION = YES;
				CLANG_WARN_INFINITE_RECURSION = YES;
				CLANG_WARN_INT_CONVERSION = YES;
				CLANG_WARN_NON_LITERAL_NULL_CONVERSION = YES;
				CLANG_WARN_OBJC_IMPLICIT_RETAIN_SELF = YES;
				CLANG_WARN_OBJC_LITERAL_CONVERSION = YES;
				CLANG_WARN_OBJC_ROOT_CLASS = YES_ERROR;
				CLANG_WARN_RANGE_LOOP_ANALYSIS = YES;
				CLANG_WARN_STRICT_PROTOTYPES = YES;
				CLANG_WARN_SUSPICIOUS_MOVE = YES;
				CLANG_WARN_UNGUARDED_AVAILABILITY = YES_AGGRESSIVE;
				CLANG_WARN_UNREACHABLE_CODE = YES;
				CLANG_WARN__DUPLICATE_METHOD_MATCH = YES;
				CODE_SIGN_IDENTITY = "iPhone Developer";
				COPY_PHASE_STRIP = NO;
				DEBUG_INFORMATION_FORMAT = dwarf;
				ENABLE_STRICT_OBJC_MSGSEND = YES;
				ENABLE_TESTABILITY = YES;
				GCC_C_LANGUAGE_STANDARD = gnu11;
				GCC_DYNAMIC_NO_PIC = NO;
				GCC_NO_COMMON_BLOCKS = YES;
				GCC_OPTIMIZATION_LEVEL = 0;
				GCC_PREPROCESSOR_DEFINITIONS = (
					"DEBUG=1",
					"$(inherited)",
				);
				GCC_WARN_64_TO_32_BIT_CONVERSION = YES;
				GCC_WARN_ABOUT_RETURN_TYPE = YES_ERROR;
				GCC_WARN_UNDECLARED_SELECTOR = YES;
				GCC_WARN_UNINITIALIZED_AUTOS = YES_AGGRESSIVE;
				GCC_WARN_UNUSED_FUNCTION = YES;
				GCC_WARN_UNUSED_VARIABLE = YES;
				IPHONEOS_DEPLOYMENT_TARGET = 12.2;
				MTL_ENABLE_DEBUG_INFO = INCLUDE_SOURCE;
				MTL_FAST_MATH = YES;
				ONLY_ACTIVE_ARCH = YES;
				SDKROOT = iphoneos;
				SWIFT_ACTIVE_COMPILATION_CONDITIONS = DEBUG;
				SWIFT_OPTIMIZATION_LEVEL = "-Onone";
			};
			name = Debug;
		};
		8EBD94F62253437E00662FAD /* Release */ = {
			isa = XCBuildConfiguration;
			buildSettings = {
				ALWAYS_SEARCH_USER_PATHS = NO;
				CLANG_ANALYZER_NONNULL = YES;
				CLANG_ANALYZER_NUMBER_OBJECT_CONVERSION = YES_AGGRESSIVE;
				CLANG_CXX_LANGUAGE_STANDARD = "gnu++14";
				CLANG_CXX_LIBRARY = "libc++";
				CLANG_ENABLE_MODULES = YES;
				CLANG_ENABLE_OBJC_ARC = YES;
				CLANG_ENABLE_OBJC_WEAK = YES;
				CLANG_WARN_BLOCK_CAPTURE_AUTORELEASING = YES;
				CLANG_WARN_BOOL_CONVERSION = YES;
				CLANG_WARN_COMMA = YES;
				CLANG_WARN_CONSTANT_CONVERSION = YES;
				CLANG_WARN_DEPRECATED_OBJC_IMPLEMENTATIONS = YES;
				CLANG_WARN_DIRECT_OBJC_ISA_USAGE = YES_ERROR;
				CLANG_WARN_DOCUMENTATION_COMMENTS = YES;
				CLANG_WARN_EMPTY_BODY = YES;
				CLANG_WARN_ENUM_CONVERSION = YES;
				CLANG_WARN_INFINITE_RECURSION = YES;
				CLANG_WARN_INT_CONVERSION = YES;
				CLANG_WARN_NON_LITERAL_NULL_CONVERSION = YES;
				CLANG_WARN_OBJC_IMPLICIT_RETAIN_SELF = YES;
				CLANG_WARN_OBJC_LITERAL_CONVERSION = YES;
				CLANG_WARN_OBJC_ROOT_CLASS = YES_ERROR;
				CLANG_WARN_RANGE_LOOP_ANALYSIS = YES;
				CLANG_WARN_STRICT_PROTOTYPES = YES;
				CLANG_WARN_SUSPICIOUS_MOVE = YES;
				CLANG_WARN_UNGUARDED_AVAILABILITY = YES_AGGRESSIVE;
				CLANG_WARN_UNREACHABLE_CODE = YES;
				CLANG_WARN__DUPLICATE_METHOD_MATCH = YES;
				CODE_SIGN_IDENTITY = "iPhone Developer";
				COPY_PHASE_STRIP = NO;
				DEBUG_INFORMATION_FORMAT = "dwarf-with-dsym";
				ENABLE_NS_ASSERTIONS = NO;
				ENABLE_STRICT_OBJC_MSGSEND = YES;
				GCC_C_LANGUAGE_STANDARD = gnu11;
				GCC_NO_COMMON_BLOCKS = YES;
				GCC_WARN_64_TO_32_BIT_CONVERSION = YES;
				GCC_WARN_ABOUT_RETURN_TYPE = YES_ERROR;
				GCC_WARN_UNDECLARED_SELECTOR = YES;
				GCC_WARN_UNINITIALIZED_AUTOS = YES_AGGRESSIVE;
				GCC_WARN_UNUSED_FUNCTION = YES;
				GCC_WARN_UNUSED_VARIABLE = YES;
				IPHONEOS_DEPLOYMENT_TARGET = 12.2;
				MTL_ENABLE_DEBUG_INFO = NO;
				MTL_FAST_MATH = YES;
				SDKROOT = iphoneos;
				SWIFT_COMPILATION_MODE = wholemodule;
				SWIFT_OPTIMIZATION_LEVEL = "-O";
				VALIDATE_PRODUCT = YES;
			};
			name = Release;
		};
		8EBD94F82253437E00662FAD /* Debug */ = {
			isa = XCBuildConfiguration;
			buildSettings = {
				ASSETCATALOG_COMPILER_APPICON_NAME = AppIcon;
				CODE_SIGN_STYLE = Automatic;
				INFOPLIST_FILE = "Alter VK/Info.plist";
				LD_RUNPATH_SEARCH_PATHS = (
					"$(inherited)",
					"@executable_path/Frameworks",
				);
				PRODUCT_BUNDLE_IDENTIFIER = "mahankov.Alter-VK";
				PRODUCT_NAME = "$(TARGET_NAME)";
				SWIFT_VERSION = 5.0;
				TARGETED_DEVICE_FAMILY = "1,2";
			};
			name = Debug;
		};
		8EBD94F92253437E00662FAD /* Release */ = {
			isa = XCBuildConfiguration;
			buildSettings = {
				ASSETCATALOG_COMPILER_APPICON_NAME = AppIcon;
				CODE_SIGN_STYLE = Automatic;
				INFOPLIST_FILE = "Alter VK/Info.plist";
				LD_RUNPATH_SEARCH_PATHS = (
					"$(inherited)",
					"@executable_path/Frameworks",
				);
				PRODUCT_BUNDLE_IDENTIFIER = "mahankov.Alter-VK";
				PRODUCT_NAME = "$(TARGET_NAME)";
				SWIFT_VERSION = 5.0;
				TARGETED_DEVICE_FAMILY = "1,2";
			};
			name = Release;
		};
/* End XCBuildConfiguration section */

/* Begin XCConfigurationList section */
		8EBD94E02253437C00662FAD /* Build configuration list for PBXProject "Alter VK" */ = {
			isa = XCConfigurationList;
			buildConfigurations = (
				8EBD94F52253437E00662FAD /* Debug */,
				8EBD94F62253437E00662FAD /* Release */,
			);
			defaultConfigurationIsVisible = 0;
			defaultConfigurationName = Release;
		};
		8EBD94F72253437E00662FAD /* Build configuration list for PBXNativeTarget "Alter VK" */ = {
			isa = XCConfigurationList;
			buildConfigurations = (
				8EBD94F82253437E00662FAD /* Debug */,
				8EBD94F92253437E00662FAD /* Release */,
			);
			defaultConfigurationIsVisible = 0;
			defaultConfigurationName = Release;
		};
/* End XCConfigurationList section */
	};
	rootObject = 8EBD94DD2253437C00662FAD /* Project object */;
}
